
Microsoft Visual Studio Solution File, Format Version 12.00
# Visual Studio Version 16
VisualStudioVersion = 16.0.30621.155
MinimumVisualStudioVersion = 10.0.40219.1
Project("{FAE04EC0-301F-11D3-BF4B-00C04F79EFBC}") = "ClientChatApp_20180140099_ArgaAprilianPutraJaya", "ClientChatApp_20180140099_ArgaAprilianPutraJaya\ClientChatApp_20180140099_ArgaAprilianPutraJaya.csproj", "{2DC69A65-E586-4FD2-B05C-79739BF64AD9}"
EndProject
Global
	GlobalSection(SolutionConfigurationPlatforms) = preSolution
		Debug|Any CPU = Debug|Any CPU
		Release|Any CPU = Release|Any CPU
	EndGlobalSection
	GlobalSection(ProjectConfigurationPlatforms) = postSolution
		{2DC69A65-E586-4FD2-B05C-79739BF64AD9}.Debug|Any CPU.ActiveCfg = Debug|Any CPU
		{2DC69A65-E586-4FD2-B05C-79739BF64AD9}.Debug|Any CPU.Build.0 = Debug|Any CPU
		{2DC69A65-E586-4FD2-B05C-79739BF64AD9}.Release|Any CPU.ActiveCfg = Release|Any CPU
		{2DC69A65-E586-4FD2-B05C-79739BF64AD9}.Release|Any CPU.Build.0 = Release|Any CPU
	EndGlobalSection
	GlobalSection(SolutionProperties) = preSolution
		HideSolutionNode = FALSE
	EndGlobalSection
	GlobalSection(ExtensibilityGlobals) = postSolution
		SolutionGuid = {526DBCCC-FEBD-41EC-BA6F-30DB0DDB04C2}
	EndGlobalSection
EndGlobal
